
Microsoft Visual Studio Solution File, Format Version 12.00
# Visual Studio 15
VisualStudioVersion = 15.0.28010.2026
MinimumVisualStudioVersion = 10.0.40219.1
Project("{FAE04EC0-301F-11D3-BF4B-00C04F79EFBC}") = "DEKL.CP.Domain", "DEKL.CP.Domain\DEKL.CP.Domain.csproj", "{177E5066-AB90-4A3E-950E-7757616E5749}"
EndProject
Project("{FAE04EC0-301F-11D3-BF4B-00C04F79EFBC}") = "DEKL.CP.UI", "DEKL.CP.UI\DEKL.CP.UI.csproj", "{8EFA0049-5BCE-49E3-94D5-4AC7F3F9AC2B}"
EndProject
Project("{FAE04EC0-301F-11D3-BF4B-00C04F79EFBC}") = "DEKL.CP.Infra.CrossCutting.IoC", "DEKL.CP.Infra.CrossCutting.IoC\DEKL.CP.Infra.CrossCutting.IoC.csproj", "{DAC5216E-41D8-44AD-90A3-DC88F7A4A2CE}"
EndProject
Project("{FAE04EC0-301F-11D3-BF4B-00C04F79EFBC}") = "DEKL.CP.Infra.CrossCutting.Identity", "DEKL.CP.Infra.CrossCutting.Identity\DEKL.CP.Infra.CrossCutting.Identity.csproj", "{9062B1C5-F32D-435E-93B2-2E7F6268B2A1}"
EndProject
Project("{2150E333-8FDC-42A3-9474-1A3956D46DE8}") = "Infra", "Infra", "{3AEA4D8C-7385-4A39-B3B4-5E5598AEDD6B}"
EndProject
Project("{2150E333-8FDC-42A3-9474-1A3956D46DE8}") = "Domain", "Domain", "{04433158-BDAD-408A-ABBE-C97212D70AB7}"
EndProject
Project("{2150E333-8FDC-42A3-9474-1A3956D46DE8}") = "Data", "Data", "{97BAD5CC-E3ED-4EFC-B134-DEE14A1366B5}"
EndProject
Project("{2150E333-8FDC-42A3-9474-1A3956D46DE8}") = "CrossCuting", "CrossCuting", "{70FEAE09-8748-4CB0-8E8F-E50D385AC6F9}"
EndProject
Project("{2150E333-8FDC-42A3-9474-1A3956D46DE8}") = "UI", "UI", "{00273F00-2A8A-44E3-BCFF-C6DE46230848}"
EndProject
Project("{FAE04EC0-301F-11D3-BF4B-00C04F79EFBC}") = "DEKL.CP.Infra.Data", "DEKL.CP.Infra.Data\DEKL.CP.Infra.Data.csproj", "{1E04257F-82CE-4D95-AD48-DCC9F7C08D9F}"
EndProject
Global
	GlobalSection(SolutionConfigurationPlatforms) = preSolution
		Debug|Any CPU = Debug|Any CPU
		Release|Any CPU = Release|Any CPU
	EndGlobalSection
	GlobalSection(ProjectConfigurationPlatforms) = postSolution
		{177E5066-AB90-4A3E-950E-7757616E5749}.Debug|Any CPU.ActiveCfg = Debug|Any CPU
		{177E5066-AB90-4A3E-950E-7757616E5749}.Debug|Any CPU.Build.0 = Debug|Any CPU
		{177E5066-AB90-4A3E-950E-7757616E5749}.Release|Any CPU.ActiveCfg = Release|Any CPU
		{177E5066-AB90-4A3E-950E-7757616E5749}.Release|Any CPU.Build.0 = Release|Any CPU
		{8EFA0049-5BCE-49E3-94D5-4AC7F3F9AC2B}.Debug|Any CPU.ActiveCfg = Debug|Any CPU
		{8EFA0049-5BCE-49E3-94D5-4AC7F3F9AC2B}.Debug|Any CPU.Build.0 = Debug|Any CPU
		{8EFA0049-5BCE-49E3-94D5-4AC7F3F9AC2B}.Release|Any CPU.ActiveCfg = Release|Any CPU
		{8EFA0049-5BCE-49E3-94D5-4AC7F3F9AC2B}.Release|Any CPU.Build.0 = Release|Any CPU
		{DAC5216E-41D8-44AD-90A3-DC88F7A4A2CE}.Debug|Any CPU.ActiveCfg = Debug|Any CPU
		{DAC5216E-41D8-44AD-90A3-DC88F7A4A2CE}.Debug|Any CPU.Build.0 = Debug|Any CPU
		{DAC5216E-41D8-44AD-90A3-DC88F7A4A2CE}.Release|Any CPU.ActiveCfg = Release|Any CPU
		{DAC5216E-41D8-44AD-90A3-DC88F7A4A2CE}.Release|Any CPU.Build.0 = Release|Any CPU
		{9062B1C5-F32D-435E-93B2-2E7F6268B2A1}.Debug|Any CPU.ActiveCfg = Debug|Any CPU
		{9062B1C5-F32D-435E-93B2-2E7F6268B2A1}.Debug|Any CPU.Build.0 = Debug|Any CPU
		{9062B1C5-F32D-435E-93B2-2E7F6268B2A1}.Release|Any CPU.ActiveCfg = Release|Any CPU
		{9062B1C5-F32D-435E-93B2-2E7F6268B2A1}.Release|Any CPU.Build.0 = Release|Any CPU
		{1E04257F-82CE-4D95-AD48-DCC9F7C08D9F}.Debug|Any CPU.ActiveCfg = Debug|Any CPU
		{1E04257F-82CE-4D95-AD48-DCC9F7C08D9F}.Debug|Any CPU.Build.0 = Debug|Any CPU
		{1E04257F-82CE-4D95-AD48-DCC9F7C08D9F}.Release|Any CPU.ActiveCfg = Release|Any CPU
		{1E04257F-82CE-4D95-AD48-DCC9F7C08D9F}.Release|Any CPU.Build.0 = Release|Any CPU
	EndGlobalSection
	GlobalSection(SolutionProperties) = preSolution
		HideSolutionNode = FALSE
	EndGlobalSection
	GlobalSection(NestedProjects) = preSolution
		{177E5066-AB90-4A3E-950E-7757616E5749} = {04433158-BDAD-408A-ABBE-C97212D70AB7}
		{8EFA0049-5BCE-49E3-94D5-4AC7F3F9AC2B} = {00273F00-2A8A-44E3-BCFF-C6DE46230848}
		{DAC5216E-41D8-44AD-90A3-DC88F7A4A2CE} = {70FEAE09-8748-4CB0-8E8F-E50D385AC6F9}
		{9062B1C5-F32D-435E-93B2-2E7F6268B2A1} = {70FEAE09-8748-4CB0-8E8F-E50D385AC6F9}
		{97BAD5CC-E3ED-4EFC-B134-DEE14A1366B5} = {3AEA4D8C-7385-4A39-B3B4-5E5598AEDD6B}
		{70FEAE09-8748-4CB0-8E8F-E50D385AC6F9} = {3AEA4D8C-7385-4A39-B3B4-5E5598AEDD6B}
		{1E04257F-82CE-4D95-AD48-DCC9F7C08D9F} = {97BAD5CC-E3ED-4EFC-B134-DEE14A1366B5}
	EndGlobalSection
	GlobalSection(ExtensibilityGlobals) = postSolution
		SolutionGuid = {43AFD610-8316-4969-9EA2-9A15CD2F98AA}
	EndGlobalSection
EndGlobal
