
Microsoft Visual Studio Solution File, Format Version 12.00
# Visual Studio Version 16
VisualStudioVersion = 16.0.28407.52
MinimumVisualStudioVersion = 10.0.40219.1
Project("{FAE04EC0-301F-11D3-BF4B-00C04F79EFBC}") = "DEKL.CP.UI", "DEKL.CP.UI\DEKL.CP.UI.csproj", "{8EFA0049-5BCE-49E3-94D5-4AC7F3F9AC2B}"
EndProject
Project("{2150E333-8FDC-42A3-9474-1A3956D46DE8}") = "0 - Presentation", "0 - Presentation", "{00273F00-2A8A-44E3-BCFF-C6DE46230848}"
EndProject
Project("{FAE04EC0-301F-11D3-BF4B-00C04F79EFBC}") = "DEKL.CP.Domain", "DEKL.CP.Domain\DEKL.CP.Domain.csproj", "{177E5066-AB90-4A3E-950E-7757616E5749}"
EndProject
Project("{2150E333-8FDC-42A3-9474-1A3956D46DE8}") = "1 - Domain", "1 - Domain", "{1EFD4090-E78D-40D6-BF38-7DB9A419C4C4}"
EndProject
Project("{2150E333-8FDC-42A3-9474-1A3956D46DE8}") = "2 - Infra", "2 - Infra", "{E77837E7-4677-451F-9BBF-D332CB882B96}"
EndProject
Project("{FAE04EC0-301F-11D3-BF4B-00C04F79EFBC}") = "DEKL.CP.Infra.CrossCutting.Identity", "DEKL.CP.Infra.CrossCutting.Identity\DEKL.CP.Infra.CrossCutting.Identity.csproj", "{9062B1C5-F32D-435E-93B2-2E7F6268B2A1}"
EndProject
Project("{2150E333-8FDC-42A3-9474-1A3956D46DE8}") = "2.1 - Data", "2.1 - Data", "{EB0CD691-52FF-418B-BEF5-7566A4FF210A}"
EndProject
Project("{2150E333-8FDC-42A3-9474-1A3956D46DE8}") = "2.2 - CrossCutting", "2.2 - CrossCutting", "{C0FAD499-385B-4793-A3BC-6119FA16C9F7}"
	ProjectSection(SolutionItems) = preProject
		DEKL.CP.Infra.Data\packages.config = DEKL.CP.Infra.Data\packages.config
	EndProjectSection
EndProject
Project("{FAE04EC0-301F-11D3-BF4B-00C04F79EFBC}") = "DEKL.CP.Infra.Data", "DEKL.CP.Infra.Data\DEKL.CP.Infra.Data.csproj", "{1E04257F-82CE-4D95-AD48-DCC9F7C08D9F}"
EndProject
Project("{FAE04EC0-301F-11D3-BF4B-00C04F79EFBC}") = "DEKL.CP.Infra.CrossCutting.IoC", "DEKL.CP.Infra.CrossCutting.IoC\DEKL.CP.Infra.CrossCutting.IoC.csproj", "{DAC5216E-41D8-44AD-90A3-DC88F7A4A2CE}"
EndProject
Global
	GlobalSection(SolutionConfigurationPlatforms) = preSolution
		Debug|Any CPU = Debug|Any CPU
		Release|Any CPU = Release|Any CPU
	EndGlobalSection
	GlobalSection(ProjectConfigurationPlatforms) = postSolution
		{8EFA0049-5BCE-49E3-94D5-4AC7F3F9AC2B}.Debug|Any CPU.ActiveCfg = Debug|Any CPU
		{8EFA0049-5BCE-49E3-94D5-4AC7F3F9AC2B}.Debug|Any CPU.Build.0 = Debug|Any CPU
		{8EFA0049-5BCE-49E3-94D5-4AC7F3F9AC2B}.Release|Any CPU.ActiveCfg = Release|Any CPU
		{8EFA0049-5BCE-49E3-94D5-4AC7F3F9AC2B}.Release|Any CPU.Build.0 = Release|Any CPU
		{177E5066-AB90-4A3E-950E-7757616E5749}.Debug|Any CPU.ActiveCfg = Debug|Any CPU
		{177E5066-AB90-4A3E-950E-7757616E5749}.Debug|Any CPU.Build.0 = Debug|Any CPU
		{177E5066-AB90-4A3E-950E-7757616E5749}.Release|Any CPU.ActiveCfg = Release|Any CPU
		{177E5066-AB90-4A3E-950E-7757616E5749}.Release|Any CPU.Build.0 = Release|Any CPU
		{9062B1C5-F32D-435E-93B2-2E7F6268B2A1}.Debug|Any CPU.ActiveCfg = Debug|Any CPU
		{9062B1C5-F32D-435E-93B2-2E7F6268B2A1}.Debug|Any CPU.Build.0 = Debug|Any CPU
		{9062B1C5-F32D-435E-93B2-2E7F6268B2A1}.Release|Any CPU.ActiveCfg = Release|Any CPU
		{9062B1C5-F32D-435E-93B2-2E7F6268B2A1}.Release|Any CPU.Build.0 = Release|Any CPU
		{1E04257F-82CE-4D95-AD48-DCC9F7C08D9F}.Debug|Any CPU.ActiveCfg = Debug|Any CPU
		{1E04257F-82CE-4D95-AD48-DCC9F7C08D9F}.Debug|Any CPU.Build.0 = Debug|Any CPU
		{1E04257F-82CE-4D95-AD48-DCC9F7C08D9F}.Release|Any CPU.ActiveCfg = Release|Any CPU
		{1E04257F-82CE-4D95-AD48-DCC9F7C08D9F}.Release|Any CPU.Build.0 = Release|Any CPU
		{DAC5216E-41D8-44AD-90A3-DC88F7A4A2CE}.Debug|Any CPU.ActiveCfg = Debug|Any CPU
		{DAC5216E-41D8-44AD-90A3-DC88F7A4A2CE}.Debug|Any CPU.Build.0 = Debug|Any CPU
		{DAC5216E-41D8-44AD-90A3-DC88F7A4A2CE}.Release|Any CPU.ActiveCfg = Release|Any CPU
		{DAC5216E-41D8-44AD-90A3-DC88F7A4A2CE}.Release|Any CPU.Build.0 = Release|Any CPU
	EndGlobalSection
	GlobalSection(SolutionProperties) = preSolution
		HideSolutionNode = FALSE
	EndGlobalSection
	GlobalSection(NestedProjects) = preSolution
		{8EFA0049-5BCE-49E3-94D5-4AC7F3F9AC2B} = {00273F00-2A8A-44E3-BCFF-C6DE46230848}
		{177E5066-AB90-4A3E-950E-7757616E5749} = {1EFD4090-E78D-40D6-BF38-7DB9A419C4C4}
		{9062B1C5-F32D-435E-93B2-2E7F6268B2A1} = {C0FAD499-385B-4793-A3BC-6119FA16C9F7}
		{EB0CD691-52FF-418B-BEF5-7566A4FF210A} = {E77837E7-4677-451F-9BBF-D332CB882B96}
		{C0FAD499-385B-4793-A3BC-6119FA16C9F7} = {E77837E7-4677-451F-9BBF-D332CB882B96}
		{1E04257F-82CE-4D95-AD48-DCC9F7C08D9F} = {EB0CD691-52FF-418B-BEF5-7566A4FF210A}
		{DAC5216E-41D8-44AD-90A3-DC88F7A4A2CE} = {C0FAD499-385B-4793-A3BC-6119FA16C9F7}
	EndGlobalSection
	GlobalSection(ExtensibilityGlobals) = postSolution
		SolutionGuid = {43AFD610-8316-4969-9EA2-9A15CD2F98AA}
	EndGlobalSection
EndGlobal
